// !$*UTF8*$!
{
	archiveVersion = 1;
	classes = {
	};
	objectVersion = 77;
	objects = {

/* Begin PBXContainerItemProxy section */
		5A0447C12CBD66DB00F94069 /* PBXContainerItemProxy */ = {
			isa = PBXContainerItemProxy;
			containerPortal = 5A0447A82CBD66D900F94069 /* Project object */;
			proxyType = 1;
			remoteGlobalIDString = 5A0447AF2CBD66D900F94069;
			remoteInfo = Asyncawait;
		};
		5A0447CB2CBD66DB00F94069 /* PBXContainerItemProxy */ = {
			isa = PBXContainerItemProxy;
			containerPortal = 5A0447A82CBD66D900F94069 /* Project object */;
			proxyType = 1;
			remoteGlobalIDString = 5A0447AF2CBD66D900F94069;
			remoteInfo = Asyncawait;
		};
/* End PBXContainerItemProxy section */

/* Begin PBXFileReference section */
		5A0447B02CBD66D900F94069 /* Asyncawait.app */ = {isa = PBXFileReference; explicitFileType = wrapper.application; includeInIndex = 0; path = Asyncawait.app; sourceTree = BUILT_PRODUCTS_DIR; };
		5A0447C02CBD66DB00F94069 /* AsyncawaitTests.xctest */ = {isa = PBXFileReference; explicitFileType = wrapper.cfbundle; includeInIndex = 0; path = AsyncawaitTests.xctest; sourceTree = BUILT_PRODUCTS_DIR; };
		5A0447CA2CBD66DB00F94069 /* AsyncawaitUITests.xctest */ = {isa = PBXFileReference; explicitFileType = wrapper.cfbundle; includeInIndex = 0; path = AsyncawaitUITests.xctest; sourceTree = BUILT_PRODUCTS_DIR; };
/* End PBXFileReference section */

/* Begin PBXFileSystemSynchronizedRootGroup section */
		5A0447B22CBD66D900F94069 /* Asyncawait */ = {
			isa = PBXFileSystemSynchronizedRootGroup;
			path = Asyncawait;
			sourceTree = "<group>";
		};
		5A0447C32CBD66DB00F94069 /* AsyncawaitTests */ = {
			isa = PBXFileSystemSynchronizedRootGroup;
			path = AsyncawaitTests;
			sourceTree = "<group>";
		};
		5A0447CD2CBD66DB00F94069 /* AsyncawaitUITests */ = {
			isa = PBXFileSystemSynchronizedRootGroup;
			path = AsyncawaitUITests;
			sourceTree = "<group>";
		};
/* End PBXFileSystemSynchronizedRootGroup section */

/* Begin PBXFrameworksBuildPhase section */
		5A0447AD2CBD66D900F94069 /* Frameworks */ = {
			isa = PBXFrameworksBuildPhase;
			buildActionMask = 2147483647;
			files = (
			);
			runOnlyForDeploymentPostprocessing = 0;
		};
		5A0447BD2CBD66DB00F94069 /* Frameworks */ = {
			isa = PBXFrameworksBuildPhase;
			buildActionMask = 2147483647;
			files = (
			);
			runOnlyForDeploymentPostprocessing = 0;
		};
		5A0447C72CBD66DB00F94069 /* Frameworks */ = {
			isa = PBXFrameworksBuildPhase;
			buildActionMask = 2147483647;
			files = (
			);
			runOnlyForDeploymentPostprocessing = 0;
		};
/* End PBXFrameworksBuildPhase section */

/* Begin PBXGroup section */
		5A0447A72CBD66D900F94069 = {
			isa = PBXGroup;
			children = (
				5A0447B22CBD66D900F94069 /* Asyncawait */,
				5A0447C32CBD66DB00F94069 /* AsyncawaitTests */,
				5A0447CD2CBD66DB00F94069 /* AsyncawaitUITests */,
				5A0447B12CBD66D900F94069 /* Products */,
			);
			sourceTree = "<group>";
		};
		5A0447B12CBD66D900F94069 /* Products */ = {
			isa = PBXGroup;
			children = (
				5A0447B02CBD66D900F94069 /* Asyncawait.app */,
				5A0447C02CBD66DB00F94069 /* AsyncawaitTests.xctest */,
				5A0447CA2CBD66DB00F94069 /* AsyncawaitUITests.xctest */,
			);
			name = Products;
			sourceTree = "<group>";
		};
/* End PBXGroup section */

/* Begin PBXNativeTarget section */
		5A0447AF2CBD66D900F94069 /* Asyncawait */ = {
			isa = PBXNativeTarget;
			buildConfigurationList = 5A0447D42CBD66DB00F94069 /* Build configuration list for PBXNativeTarget "Asyncawait" */;
			buildPhases = (
				5A0447AC2CBD66D900F94069 /* Sources */,
				5A0447AD2CBD66D900F94069 /* Frameworks */,
				5A0447AE2CBD66D900F94069 /* Resources */,
			);
			buildRules = (
			);
			dependencies = (
			);
			fileSystemSynchronizedGroups = (
				5A0447B22CBD66D900F94069 /* Asyncawait */,
			);
			name = Asyncawait;
			packageProductDependencies = (
			);
			productName = Asyncawait;
			productReference = 5A0447B02CBD66D900F94069 /* Asyncawait.app */;
			productType = "com.apple.product-type.application";
		};
		5A0447BF2CBD66DB00F94069 /* AsyncawaitTests */ = {
			isa = PBXNativeTarget;
			buildConfigurationList = 5A0447D72CBD66DB00F94069 /* Build configuration list for PBXNativeTarget "AsyncawaitTests" */;
			buildPhases = (
				5A0447BC2CBD66DB00F94069 /* Sources */,
				5A0447BD2CBD66DB00F94069 /* Frameworks */,
				5A0447BE2CBD66DB00F94069 /* Resources */,
			);
			buildRules = (
			);
			dependencies = (
				5A0447C22CBD66DB00F94069 /* PBXTargetDependency */,
			);
			fileSystemSynchronizedGroups = (
				5A0447C32CBD66DB00F94069 /* AsyncawaitTests */,
			);
			name = AsyncawaitTests;
			packageProductDependencies = (
			);
			productName = AsyncawaitTests;
			productReference = 5A0447C02CBD66DB00F94069 /* AsyncawaitTests.xctest */;
			productType = "com.apple.product-type.bundle.unit-test";
		};
		5A0447C92CBD66DB00F94069 /* AsyncawaitUITests */ = {
			isa = PBXNativeTarget;
			buildConfigurationList = 5A0447DA2CBD66DB00F94069 /* Build configuration list for PBXNativeTarget "AsyncawaitUITests" */;
			buildPhases = (
				5A0447C62CBD66DB00F94069 /* Sources */,
				5A0447C72CBD66DB00F94069 /* Frameworks */,
				5A0447C82CBD66DB00F94069 /* Resources */,
			);
			buildRules = (
			);
			dependencies = (
				5A0447CC2CBD66DB00F94069 /* PBXTargetDependency */,
			);
			fileSystemSynchronizedGroups = (
				5A0447CD2CBD66DB00F94069 /* AsyncawaitUITests */,
			);
			name = AsyncawaitUITests;
			packageProductDependencies = (
			);
			productName = AsyncawaitUITests;
			productReference = 5A0447CA2CBD66DB00F94069 /* AsyncawaitUITests.xctest */;
			productType = "com.apple.product-type.bundle.ui-testing";
		};
/* End PBXNativeTarget section */

/* Begin PBXProject section */
		5A0447A82CBD66D900F94069 /* Project object */ = {
			isa = PBXProject;
			attributes = {
				BuildIndependentTargetsInParallel = 1;
				LastSwiftUpdateCheck = 1600;
				LastUpgradeCheck = 1600;
				TargetAttributes = {
					5A0447AF2CBD66D900F94069 = {
						CreatedOnToolsVersion = 16.0;
					};
					5A0447BF2CBD66DB00F94069 = {
						CreatedOnToolsVersion = 16.0;
						TestTargetID = 5A0447AF2CBD66D900F94069;
					};
					5A0447C92CBD66DB00F94069 = {
						CreatedOnToolsVersion = 16.0;
						TestTargetID = 5A0447AF2CBD66D900F94069;
					};
				};
			};
			buildConfigurationList = 5A0447AB2CBD66D900F94069 /* Build configuration list for PBXProject "Asyncawait" */;
			developmentRegion = en;
			hasScannedForEncodings = 0;
			knownRegions = (
				en,
				Base,
			);
			mainGroup = 5A0447A72CBD66D900F94069;
			minimizedProjectReferenceProxies = 1;
			preferredProjectObjectVersion = 77;
			productRefGroup = 5A0447B12CBD66D900F94069 /* Products */;
			projectDirPath = "";
			projectRoot = "";
			targets = (
				5A0447AF2CBD66D900F94069 /* Asyncawait */,
				5A0447BF2CBD66DB00F94069 /* AsyncawaitTests */,
				5A0447C92CBD66DB00F94069 /* AsyncawaitUITests */,
			);
		};
/* End PBXProject section */

/* Begin PBXResourcesBuildPhase section */
		5A0447AE2CBD66D900F94069 /* Resources */ = {
			isa = PBXResourcesBuildPhase;
			buildActionMask = 2147483647;
			files = (
			);
			runOnlyForDeploymentPostprocessing = 0;
		};
		5A0447BE2CBD66DB00F94069 /* Resources */ = {
			isa = PBXResourcesBuildPhase;
			buildActionMask = 2147483647;
			files = (
			);
			runOnlyForDeploymentPostprocessing = 0;
		};
		5A0447C82CBD66DB00F94069 /* Resources */ = {
			isa = PBXResourcesBuildPhase;
			buildActionMask = 2147483647;
			files = (
			);
			runOnlyForDeploymentPostprocessing = 0;
		};
/* End PBXResourcesBuildPhase section */

/* Begin PBXSourcesBuildPhase section */
		5A0447AC2CBD66D900F94069 /* Sources */ = {
			isa = PBXSourcesBuildPhase;
			buildActionMask = 2147483647;
			files = (
			);
			runOnlyForDeploymentPostprocessing = 0;
		};
		5A0447BC2CBD66DB00F94069 /* Sources */ = {
			isa = PBXSourcesBuildPhase;
			buildActionMask = 2147483647;
			files = (
			);
			runOnlyForDeploymentPostprocessing = 0;
		};
		5A0447C62CBD66DB00F94069 /* Sources */ = {
			isa = PBXSourcesBuildPhase;
			buildActionMask = 2147483647;
			files = (
			);
			runOnlyForDeploymentPostprocessing = 0;
		};
/* End PBXSourcesBuildPhase section */

/* Begin PBXTargetDependency section */
		5A0447C22CBD66DB00F94069 /* PBXTargetDependency */ = {
			isa = PBXTargetDependency;
			target = 5A0447AF2CBD66D900F94069 /* Asyncawait */;
			targetProxy = 5A0447C12CBD66DB00F94069 /* PBXContainerItemProxy */;
		};
		5A0447CC2CBD66DB00F94069 /* PBXTargetDependency */ = {
			isa = PBXTargetDependency;
			target = 5A0447AF2CBD66D900F94069 /* Asyncawait */;
			targetProxy = 5A0447CB2CBD66DB00F94069 /* PBXContainerItemProxy */;
		};
/* End PBXTargetDependency section */

/* Begin XCBuildConfiguration section */
		5A0447D22CBD66DB00F94069 /* Debug */ = {
			isa = XCBuildConfiguration;
			buildSettings = {
				ALWAYS_SEARCH_USER_PATHS = NO;
				ASSETCATALOG_COMPILER_GENERATE_SWIFT_ASSET_SYMBOL_EXTENSIONS = YES;
				CLANG_ANALYZER_NONNULL = YES;
				CLANG_ANALYZER_NUMBER_OBJECT_CONVERSION = YES_AGGRESSIVE;
				CLANG_CXX_LANGUAGE_STANDARD = "gnu++20";
				CLANG_ENABLE_MODULES = YES;
				CLANG_ENABLE_OBJC_ARC = YES;
				CLANG_ENABLE_OBJC_WEAK = YES;
				CLANG_WARN_BLOCK_CAPTURE_AUTORELEASING = YES;
				CLANG_WARN_BOOL_CONVERSION = YES;
				CLANG_WARN_COMMA = YES;
				CLANG_WARN_CONSTANT_CONVERSION = YES;
				CLANG_WARN_DEPRECATED_OBJC_IMPLEMENTATIONS = YES;
				CLANG_WARN_DIRECT_OBJC_ISA_USAGE = YES_ERROR;
				CLANG_WARN_DOCUMENTATION_COMMENTS = YES;
				CLANG_WARN_EMPTY_BODY = YES;
				CLANG_WARN_ENUM_CONVERSION = YES;
				CLANG_WARN_INFINITE_RECURSION = YES;
				CLANG_WARN_INT_CONVERSION = YES;
				CLANG_WARN_NON_LITERAL_NULL_CONVERSION = YES;
				CLANG_WARN_OBJC_IMPLICIT_RETAIN_SELF = YES;
				CLANG_WARN_OBJC_LITERAL_CONVERSION = YES;
				CLANG_WARN_OBJC_ROOT_CLASS = YES_ERROR;
				CLANG_WARN_QUOTED_INCLUDE_IN_FRAMEWORK_HEADER = YES;
				CLANG_WARN_RANGE_LOOP_ANALYSIS = YES;
				CLANG_WARN_STRICT_PROTOTYPES = YES;
				CLANG_WARN_SUSPICIOUS_MOVE = YES;
				CLANG_WARN_UNGUARDED_AVAILABILITY = YES_AGGRESSIVE;
				CLANG_WARN_UNREACHABLE_CODE = YES;
				CLANG_WARN__DUPLICATE_METHOD_MATCH = YES;
				COPY_PHASE_STRIP = NO;
				DEBUG_INFORMATION_FORMAT = dwarf;
				ENABLE_STRICT_OBJC_MSGSEND = YES;
				ENABLE_TESTABILITY = YES;
				ENABLE_USER_SCRIPT_SANDBOXING = YES;
				GCC_C_LANGUAGE_STANDARD = gnu17;
				GCC_DYNAMIC_NO_PIC = NO;
				GCC_NO_COMMON_BLOCKS = YES;
				GCC_OPTIMIZATION_LEVEL = 0;
				GCC_PREPROCESSOR_DEFINITIONS = (
					"DEBUG=1",
					"$(inherited)",
				);
				GCC_WARN_64_TO_32_BIT_CONVERSION = YES;
				GCC_WARN_ABOUT_RETURN_TYPE = YES_ERROR;
				GCC_WARN_UNDECLARED_SELECTOR = YES;
				GCC_WARN_UNINITIALIZED_AUTOS = YES_AGGRESSIVE;
				GCC_WARN_UNUSED_FUNCTION = YES;
				GCC_WARN_UNUSED_VARIABLE = YES;
				IPHONEOS_DEPLOYMENT_TARGET = 18.0;
				LOCALIZATION_PREFERS_STRING_CATALOGS = YES;
				MTL_ENABLE_DEBUG_INFO = INCLUDE_SOURCE;
				MTL_FAST_MATH = YES;
				ONLY_ACTIVE_ARCH = YES;
				SDKROOT = iphoneos;
				SWIFT_ACTIVE_COMPILATION_CONDITIONS = "DEBUG $(inherited)";
				SWIFT_OPTIMIZATION_LEVEL = "-Onone";
			};
			name = Debug;
		};
		5A0447D32CBD66DB00F94069 /* Release */ = {
			isa = XCBuildConfiguration;
			buildSettings = {
				ALWAYS_SEARCH_USER_PATHS = NO;
				ASSETCATALOG_COMPILER_GENERATE_SWIFT_ASSET_SYMBOL_EXTENSIONS = YES;
				CLANG_ANALYZER_NONNULL = YES;
				CLANG_ANALYZER_NUMBER_OBJECT_CONVERSION = YES_AGGRESSIVE;
				CLANG_CXX_LANGUAGE_STANDARD = "gnu++20";
				CLANG_ENABLE_MODULES = YES;
				CLANG_ENABLE_OBJC_ARC = YES;
				CLANG_ENABLE_OBJC_WEAK = YES;
				CLANG_WARN_BLOCK_CAPTURE_AUTORELEASING = YES;
				CLANG_WARN_BOOL_CONVERSION = YES;
				CLANG_WARN_COMMA = YES;
				CLANG_WARN_CONSTANT_CONVERSION = YES;
				CLANG_WARN_DEPRECATED_OBJC_IMPLEMENTATIONS = YES;
				CLANG_WARN_DIRECT_OBJC_ISA_USAGE = YES_ERROR;
				CLANG_WARN_DOCUMENTATION_COMMENTS = YES;
				CLANG_WARN_EMPTY_BODY = YES;
				CLANG_WARN_ENUM_CONVERSION = YES;
				CLANG_WARN_INFINITE_RECURSION = YES;
				CLANG_WARN_INT_CONVERSION = YES;
				CLANG_WARN_NON_LITERAL_NULL_CONVERSION = YES;
				CLANG_WARN_OBJC_IMPLICIT_RETAIN_SELF = YES;
				CLANG_WARN_OBJC_LITERAL_CONVERSION = YES;
				CLANG_WARN_OBJC_ROOT_CLASS = YES_ERROR;
				CLANG_WARN_QUOTED_INCLUDE_IN_FRAMEWORK_HEADER = YES;
				CLANG_WARN_RANGE_LOOP_ANALYSIS = YES;
				CLANG_WARN_STRICT_PROTOTYPES = YES;
				CLANG_WARN_SUSPICIOUS_MOVE = YES;
				CLANG_WARN_UNGUARDED_AVAILABILITY = YES_AGGRESSIVE;
				CLANG_WARN_UNREACHABLE_CODE = YES;
				CLANG_WARN__DUPLICATE_METHOD_MATCH = YES;
				COPY_PHASE_STRIP = NO;
				DEBUG_INFORMATION_FORMAT = "dwarf-with-dsym";
				ENABLE_NS_ASSERTIONS = NO;
				ENABLE_STRICT_OBJC_MSGSEND = YES;
				ENABLE_USER_SCRIPT_SANDBOXING = YES;
				GCC_C_LANGUAGE_STANDARD = gnu17;
				GCC_NO_COMMON_BLOCKS = YES;
				GCC_WARN_64_TO_32_BIT_CONVERSION = YES;
				GCC_WARN_ABOUT_RETURN_TYPE = YES_ERROR;
				GCC_WARN_UNDECLARED_SELECTOR = YES;
				GCC_WARN_UNINITIALIZED_AUTOS = YES_AGGRESSIVE;
				GCC_WARN_UNUSED_FUNCTION = YES;
				GCC_WARN_UNUSED_VARIABLE = YES;
				IPHONEOS_DEPLOYMENT_TARGET = 18.0;
				LOCALIZATION_PREFERS_STRING_CATALOGS = YES;
				MTL_ENABLE_DEBUG_INFO = NO;
				MTL_FAST_MATH = YES;
				SDKROOT = iphoneos;
				SWIFT_COMPILATION_MODE = wholemodule;
				VALIDATE_PRODUCT = YES;
			};
			name = Release;
		};
		5A0447D52CBD66DB00F94069 /* Debug */ = {
			isa = XCBuildConfiguration;
			buildSettings = {
				ASSETCATALOG_COMPILER_APPICON_NAME = AppIcon;
				ASSETCATALOG_COMPILER_GLOBAL_ACCENT_COLOR_NAME = AccentColor;
				CODE_SIGN_STYLE = Automatic;
				CURRENT_PROJECT_VERSION = 1;
				DEVELOPMENT_ASSET_PATHS = "\"Asyncawait/Preview Content\"";
				ENABLE_PREVIEWS = YES;
				GENERATE_INFOPLIST_FILE = YES;
				INFOPLIST_KEY_UIApplicationSceneManifest_Generation = YES;
				INFOPLIST_KEY_UIApplicationSupportsIndirectInputEvents = YES;
				INFOPLIST_KEY_UILaunchScreen_Generation = YES;
				INFOPLIST_KEY_UISupportedInterfaceOrientations_iPad = "UIInterfaceOrientationPortrait UIInterfaceOrientationPortraitUpsideDown UIInterfaceOrientationLandscapeLeft UIInterfaceOrientationLandscapeRight";
				INFOPLIST_KEY_UISupportedInterfaceOrientations_iPhone = "UIInterfaceOrientationPortrait UIInterfaceOrientationLandscapeLeft UIInterfaceOrientationLandscapeRight";
				LD_RUNPATH_SEARCH_PATHS = (
					"$(inherited)",
					"@executable_path/Frameworks",
				);
				MARKETING_VERSION = 1.0;
				PRODUCT_BUNDLE_IDENTIFIER = com.nivedha.Asyncawait;
				PRODUCT_NAME = "$(TARGET_NAME)";
				SWIFT_EMIT_LOC_STRINGS = YES;
				SWIFT_VERSION = 5.0;
				TARGETED_DEVICE_FAMILY = "1,2";
			};
			name = Debug;
		};
		5A0447D62CBD66DB00F94069 /* Release */ = {
			isa = XCBuildConfiguration;
			buildSettings = {
				ASSETCATALOG_COMPILER_APPICON_NAME = AppIcon;
				ASSETCATALOG_COMPILER_GLOBAL_ACCENT_COLOR_NAME = AccentColor;
				CODE_SIGN_STYLE = Automatic;
				CURRENT_PROJECT_VERSION = 1;
				DEVELOPMENT_ASSET_PATHS = "\"Asyncawait/Preview Content\"";
				ENABLE_PREVIEWS = YES;
				GENERATE_INFOPLIST_FILE = YES;
				INFOPLIST_KEY_UIApplicationSceneManifest_Generation = YES;
				INFOPLIST_KEY_UIApplicationSupportsIndirectInputEvents = YES;
				INFOPLIST_KEY_UILaunchScreen_Generation = YES;
				INFOPLIST_KEY_UISupportedInterfaceOrientations_iPad = "UIInterfaceOrientationPortrait UIInterfaceOrientationPortraitUpsideDown UIInterfaceOrientationLandscapeLeft UIInterfaceOrientationLandscapeRight";
				INFOPLIST_KEY_UISupportedInterfaceOrientations_iPhone = "UIInterfaceOrientationPortrait UIInterfaceOrientationLandscapeLeft UIInterfaceOrientationLandscapeRight";
				LD_RUNPATH_SEARCH_PATHS = (
					"$(inherited)",
					"@executable_path/Frameworks",
				);
				MARKETING_VERSION = 1.0;
				PRODUCT_BUNDLE_IDENTIFIER = com.nivedha.Asyncawait;
				PRODUCT_NAME = "$(TARGET_NAME)";
				SWIFT_EMIT_LOC_STRINGS = YES;
				SWIFT_VERSION = 5.0;
				TARGETED_DEVICE_FAMILY = "1,2";
			};
			name = Release;
		};
		5A0447D82CBD66DB00F94069 /* Debug */ = {
			isa = XCBuildConfiguration;
			buildSettings = {
				BUNDLE_LOADER = "$(TEST_HOST)";
				CODE_SIGN_STYLE = Automatic;
				CURRENT_PROJECT_VERSION = 1;
				GENERATE_INFOPLIST_FILE = YES;
				IPHONEOS_DEPLOYMENT_TARGET = 18.0;
				MARKETING_VERSION = 1.0;
				PRODUCT_BUNDLE_IDENTIFIER = com.nivedha.AsyncawaitTests;
				PRODUCT_NAME = "$(TARGET_NAME)";
				SWIFT_EMIT_LOC_STRINGS = NO;
				SWIFT_VERSION = 5.0;
				TARGETED_DEVICE_FAMILY = "1,2";
				TEST_HOST = "$(BUILT_PRODUCTS_DIR)/Asyncawait.app/$(BUNDLE_EXECUTABLE_FOLDER_PATH)/Asyncawait";
			};
			name = Debug;
		};
		5A0447D92CBD66DB00F94069 /* Release */ = {
			isa = XCBuildConfiguration;
			buildSettings = {
				BUNDLE_LOADER = "$(TEST_HOST)";
				CODE_SIGN_STYLE = Automatic;
				CURRENT_PROJECT_VERSION = 1;
				GENERATE_INFOPLIST_FILE = YES;
				IPHONEOS_DEPLOYMENT_TARGET = 18.0;
				MARKETING_VERSION = 1.0;
				PRODUCT_BUNDLE_IDENTIFIER = com.nivedha.AsyncawaitTests;
				PRODUCT_NAME = "$(TARGET_NAME)";
				SWIFT_EMIT_LOC_STRINGS = NO;
				SWIFT_VERSION = 5.0;
				TARGETED_DEVICE_FAMILY = "1,2";
				TEST_HOST = "$(BUILT_PRODUCTS_DIR)/Asyncawait.app/$(BUNDLE_EXECUTABLE_FOLDER_PATH)/Asyncawait";
			};
			name = Release;
		};
		5A0447DB2CBD66DB00F94069 /* Debug */ = {
			isa = XCBuildConfiguration;
			buildSettings = {
				CODE_SIGN_STYLE = Automatic;
				CURRENT_PROJECT_VERSION = 1;
				GENERATE_INFOPLIST_FILE = YES;
				MARKETING_VERSION = 1.0;
				PRODUCT_BUNDLE_IDENTIFIER = com.nivedha.AsyncawaitUITests;
				PRODUCT_NAME = "$(TARGET_NAME)";
				SWIFT_EMIT_LOC_STRINGS = NO;
				SWIFT_VERSION = 5.0;
				TARGETED_DEVICE_FAMILY = "1,2";
				TEST_TARGET_NAME = Asyncawait;
			};
			name = Debug;
		};
		5A0447DC2CBD66DB00F94069 /* Release */ = {
			isa = XCBuildConfiguration;
			buildSettings = {
				CODE_SIGN_STYLE = Automatic;
				CURRENT_PROJECT_VERSION = 1;
				GENERATE_INFOPLIST_FILE = YES;
				MARKETING_VERSION = 1.0;
				PRODUCT_BUNDLE_IDENTIFIER = com.nivedha.AsyncawaitUITests;
				PRODUCT_NAME = "$(TARGET_NAME)";
				SWIFT_EMIT_LOC_STRINGS = NO;
				SWIFT_VERSION = 5.0;
				TARGETED_DEVICE_FAMILY = "1,2";
				TEST_TARGET_NAME = Asyncawait;
			};
			name = Release;
		};
/* End XCBuildConfiguration section */

/* Begin XCConfigurationList section */
		5A0447AB2CBD66D900F94069 /* Build configuration list for PBXProject "Asyncawait" */ = {
			isa = XCConfigurationList;
			buildConfigurations = (
				5A0447D22CBD66DB00F94069 /* Debug */,
				5A0447D32CBD66DB00F94069 /* Release */,
			);
			defaultConfigurationIsVisible = 0;
			defaultConfigurationName = Release;
		};
		5A0447D42CBD66DB00F94069 /* Build configuration list for PBXNativeTarget "Asyncawait" */ = {
			isa = XCConfigurationList;
			buildConfigurations = (
				5A0447D52CBD66DB00F94069 /* Debug */,
				5A0447D62CBD66DB00F94069 /* Release */,
			);
			defaultConfigurationIsVisible = 0;
			defaultConfigurationName = Release;
		};
		5A0447D72CBD66DB00F94069 /* Build configuration list for PBXNativeTarget "AsyncawaitTests" */ = {
			isa = XCConfigurationList;
			buildConfigurations = (
				5A0447D82CBD66DB00F94069 /* Debug */,
				5A0447D92CBD66DB00F94069 /* Release */,
			);
			defaultConfigurationIsVisible = 0;
			defaultConfigurationName = Release;
		};
		5A0447DA2CBD66DB00F94069 /* Build configuration list for PBXNativeTarget "AsyncawaitUITests" */ = {
			isa = XCConfigurationList;
			buildConfigurations = (
				5A0447DB2CBD66DB00F94069 /* Debug */,
				5A0447DC2CBD66DB00F94069 /* Release */,
			);
			defaultConfigurationIsVisible = 0;
			defaultConfigurationName = Release;
		};
/* End XCConfigurationList section */
	};
	rootObject = 5A0447A82CBD66D900F94069 /* Project object */;
}
